
Microsoft Visual Studio Solution File, Format Version 12.00
# Visual Studio 15
VisualStudioVersion = 15.0.28307.136
MinimumVisualStudioVersion = 10.0.40219.1
Project("{159641D6-6404-4A2A-AE62-294DE0FE8301}") = "PracticeProject1", "PracticeProject1.dtproj", "{2DC74C0C-7361-4B98-8552-AD3B10ABAF59}"
EndProject
Global
	GlobalSection(SolutionConfigurationPlatforms) = preSolution
		Development|Default = Development|Default
	EndGlobalSection
	GlobalSection(ProjectConfigurationPlatforms) = postSolution
		{2DC74C0C-7361-4B98-8552-AD3B10ABAF59}.Development|Default.ActiveCfg = Development
		{2DC74C0C-7361-4B98-8552-AD3B10ABAF59}.Development|Default.Build.0 = Development
	EndGlobalSection
	GlobalSection(SolutionProperties) = preSolution
		HideSolutionNode = FALSE
	EndGlobalSection
	GlobalSection(ExtensibilityGlobals) = postSolution
		SolutionGuid = {06D180B4-A3B9-4DE3-A296-5964E75E50BD}
	EndGlobalSection
EndGlobal
